
Microsoft Visual Studio Solution File, Format Version 12.00
# Visual Studio Version 16
VisualStudioVersion = 16.0.30523.141
MinimumVisualStudioVersion = 10.0.40219.1
Project("{FAE04EC0-301F-11D3-BF4B-00C04F79EFBC}") = "DarkerNotepadV3", "DarkerNotepadV3.csproj", "{A3195336-4368-452E-8E6C-607354E2BB78}"
EndProject
Global
	GlobalSection(SolutionConfigurationPlatforms) = preSolution
		Debug|Any CPU = Debug|Any CPU
		Release|Any CPU = Release|Any CPU
	EndGlobalSection
	GlobalSection(ProjectConfigurationPlatforms) = postSolution
		{A3195336-4368-452E-8E6C-607354E2BB78}.Debug|Any CPU.ActiveCfg = Debug|Any CPU
		{A3195336-4368-452E-8E6C-607354E2BB78}.Debug|Any CPU.Build.0 = Debug|Any CPU
		{A3195336-4368-452E-8E6C-607354E2BB78}.Release|Any CPU.ActiveCfg = Release|Any CPU
		{A3195336-4368-452E-8E6C-607354E2BB78}.Release|Any CPU.Build.0 = Release|Any CPU
	EndGlobalSection
	GlobalSection(SolutionProperties) = preSolution
		HideSolutionNode = FALSE
	EndGlobalSection
	GlobalSection(ExtensibilityGlobals) = postSolution
		SolutionGuid = {50EB51E8-AA71-4CCA-BEAD-799C78D06AD9}
	EndGlobalSection
EndGlobal
